
Microsoft Visual Studio Solution File, Format Version 12.00
# Visual Studio Version 16
VisualStudioVersion = 16.0.32428.217
MinimumVisualStudioVersion = 10.0.40219.1
Project("{8BC9CEB8-8B4A-11D0-8D11-00A0C91BC942}") = "git_new", "git_new.vcxproj", "{028672AE-BC32-4452-BD6A-24FD5A11FD75}"
EndProject
Global
	GlobalSection(SolutionConfigurationPlatforms) = preSolution
		Debug|x64 = Debug|x64
		Debug|x86 = Debug|x86
		Release|x64 = Release|x64
		Release|x86 = Release|x86
	EndGlobalSection
	GlobalSection(ProjectConfigurationPlatforms) = postSolution
		{028672AE-BC32-4452-BD6A-24FD5A11FD75}.Debug|x64.ActiveCfg = Debug|x64
		{028672AE-BC32-4452-BD6A-24FD5A11FD75}.Debug|x64.Build.0 = Debug|x64
		{028672AE-BC32-4452-BD6A-24FD5A11FD75}.Debug|x86.ActiveCfg = Debug|Win32
		{028672AE-BC32-4452-BD6A-24FD5A11FD75}.Debug|x86.Build.0 = Debug|Win32
		{028672AE-BC32-4452-BD6A-24FD5A11FD75}.Release|x64.ActiveCfg = Release|x64
		{028672AE-BC32-4452-BD6A-24FD5A11FD75}.Release|x64.Build.0 = Release|x64
		{028672AE-BC32-4452-BD6A-24FD5A11FD75}.Release|x86.ActiveCfg = Release|Win32
		{028672AE-BC32-4452-BD6A-24FD5A11FD75}.Release|x86.Build.0 = Release|Win32
	EndGlobalSection
	GlobalSection(SolutionProperties) = preSolution
		HideSolutionNode = FALSE
	EndGlobalSection
	GlobalSection(ExtensibilityGlobals) = postSolution
		SolutionGuid = {A4F0CC36-051E-42BD-BC93-D5F3045FE163}
	EndGlobalSection
EndGlobal
